# This file is automatically @generated by Cargo.
# It is not intended for manual editing.
version = 4

[[package]]
name = "aikido-rust-smallvec-test"
version = "0.1.0"
dependencies = [
 "smallvec",
]

[[package]]
name = "smallvec"
version = "1.6.0+aikido.1"
source = "sparse+https://crates-staging.aikido.io/smallvec/1.6.0/aikido.1/"
checksum = "ad09b5f581f1c4934ad7399b726c44afd0ae51a162674651c566b51010cde3c3"
